
Microsoft Visual Studio Solution File, Format Version 12.00
# Visual Studio 15
VisualStudioVersion = 15.0.27004.2010
MinimumVisualStudioVersion = 10.0.40219.1
Project("{2150E333-8FDC-42A3-9474-1A3956D46DE8}") = "src", "src", "{AA13860A-7DC7-438F-B42D-C2CC006519EE}"
EndProject
Project("{2150E333-8FDC-42A3-9474-1A3956D46DE8}") = "1 - Presentation", "1 - Presentation", "{2B179C6E-1490-4F9F-AD15-955213C5C8C5}"
EndProject
Project("{2150E333-8FDC-42A3-9474-1A3956D46DE8}") = "2 - Services", "2 - Services", "{F9DBCE7A-24F7-44A9-8233-099F68F01151}"
EndProject
Project("{2150E333-8FDC-42A3-9474-1A3956D46DE8}") = "3 - Application", "3 - Application", "{1212364C-EE37-4000-97EB-79528507F3BE}"
EndProject
Project("{2150E333-8FDC-42A3-9474-1A3956D46DE8}") = "4 - Domain", "4 - Domain", "{B419DDEE-26BF-463A-A768-4DEC3D2A556A}"
EndProject
Project("{2150E333-8FDC-42A3-9474-1A3956D46DE8}") = "5 - Infra", "5 - Infra", "{241A66D3-E506-41A2-9F4B-4261E67FD979}"
EndProject
Project("{2150E333-8FDC-42A3-9474-1A3956D46DE8}") = "5.1 - Data", "5.1 - Data", "{44D7E016-00D1-47D4-B761-DAECCD9F66B8}"
EndProject
Project("{2150E333-8FDC-42A3-9474-1A3956D46DE8}") = "5.2 - CrossCutting", "5.2 - CrossCutting", "{99D329CA-5922-4599-A588-CCA08519D392}"
EndProject
Project("{9A19103F-16F7-4668-BE54-9A1E7A4F7556}") = "BooksManager.Infra.CrossCutting.IoC", "src\BooksManager.Infra.CrossCutting.IoC\BooksManager.Infra.CrossCutting.IoC.csproj", "{9760629A-DB0A-4D02-B5D4-756B078FA0FB}"
EndProject
Project("{9A19103F-16F7-4668-BE54-9A1E7A4F7556}") = "BooksManager.Infra.Data", "src\BooksManager.Infra.Data\BooksManager.Infra.Data.csproj", "{53F15F8E-6AA9-4950-B612-554801528842}"
EndProject
Project("{9A19103F-16F7-4668-BE54-9A1E7A4F7556}") = "BooksManager.Domain", "src\BooksManager.Domain\BooksManager.Domain.csproj", "{BD3B039F-868D-477A-8A20-B43DDDFB0A0C}"
EndProject
Project("{9A19103F-16F7-4668-BE54-9A1E7A4F7556}") = "BooksManager.Application", "src\BooksManager.Application\BooksManager.Application.csproj", "{3BA52A44-BB27-455F-977D-30B046DB9D04}"
EndProject
Project("{2150E333-8FDC-42A3-9474-1A3956D46DE8}") = "sql", "sql", "{6FFCE6DB-1F81-43D4-83E7-E6EDDBDEB204}"
EndProject
Project("{00D1A9C2-B5F0-4AF3-8072-F6C62B433612}") = "BooksManager.Scripts", "sql\BooksManager.Scripts\BooksManager.Scripts.sqlproj", "{71DC05DD-F695-43AC-86EE-6B05FBD4DD5E}"
EndProject
Project("{9A19103F-16F7-4668-BE54-9A1E7A4F7556}") = "BooksManager.Domain.Tests", "tests\BooksManager.Domain.Tests\BooksManager.Domain.Tests.csproj", "{359EDCD3-2C41-417B-B52F-9C0AD2C3EAA5}"
EndProject
Project("{9A19103F-16F7-4668-BE54-9A1E7A4F7556}") = "BooksManager.Services.ApiBook", "src\BooksManager.Services.ApiBook\BooksManager.Services.ApiBook.csproj", "{65122E69-5172-419B-9536-6C9FC4556488}"
EndProject
Project("{FAE04EC0-301F-11D3-BF4B-00C04F79EFBC}") = "BooksManager.Presentation.Web", "src\BooksManager.Presentation.Web\BooksManager.Presentation.Web.csproj", "{E0AEB24D-2DBD-4EBF-8966-4B233157B552}"
EndProject
Global
	GlobalSection(SolutionConfigurationPlatforms) = preSolution
		Debug|Any CPU = Debug|Any CPU
		Release|Any CPU = Release|Any CPU
	EndGlobalSection
	GlobalSection(ProjectConfigurationPlatforms) = postSolution
		{9760629A-DB0A-4D02-B5D4-756B078FA0FB}.Debug|Any CPU.ActiveCfg = Debug|Any CPU
		{9760629A-DB0A-4D02-B5D4-756B078FA0FB}.Debug|Any CPU.Build.0 = Debug|Any CPU
		{9760629A-DB0A-4D02-B5D4-756B078FA0FB}.Release|Any CPU.ActiveCfg = Release|Any CPU
		{9760629A-DB0A-4D02-B5D4-756B078FA0FB}.Release|Any CPU.Build.0 = Release|Any CPU
		{53F15F8E-6AA9-4950-B612-554801528842}.Debug|Any CPU.ActiveCfg = Debug|Any CPU
		{53F15F8E-6AA9-4950-B612-554801528842}.Debug|Any CPU.Build.0 = Debug|Any CPU
		{53F15F8E-6AA9-4950-B612-554801528842}.Release|Any CPU.ActiveCfg = Release|Any CPU
		{53F15F8E-6AA9-4950-B612-554801528842}.Release|Any CPU.Build.0 = Release|Any CPU
		{BD3B039F-868D-477A-8A20-B43DDDFB0A0C}.Debug|Any CPU.ActiveCfg = Debug|Any CPU
		{BD3B039F-868D-477A-8A20-B43DDDFB0A0C}.Debug|Any CPU.Build.0 = Debug|Any CPU
		{BD3B039F-868D-477A-8A20-B43DDDFB0A0C}.Release|Any CPU.ActiveCfg = Release|Any CPU
		{BD3B039F-868D-477A-8A20-B43DDDFB0A0C}.Release|Any CPU.Build.0 = Release|Any CPU
		{3BA52A44-BB27-455F-977D-30B046DB9D04}.Debug|Any CPU.ActiveCfg = Debug|Any CPU
		{3BA52A44-BB27-455F-977D-30B046DB9D04}.Debug|Any CPU.Build.0 = Debug|Any CPU
		{3BA52A44-BB27-455F-977D-30B046DB9D04}.Release|Any CPU.ActiveCfg = Release|Any CPU
		{3BA52A44-BB27-455F-977D-30B046DB9D04}.Release|Any CPU.Build.0 = Release|Any CPU
		{71DC05DD-F695-43AC-86EE-6B05FBD4DD5E}.Debug|Any CPU.ActiveCfg = Debug|Any CPU
		{71DC05DD-F695-43AC-86EE-6B05FBD4DD5E}.Debug|Any CPU.Build.0 = Debug|Any CPU
		{71DC05DD-F695-43AC-86EE-6B05FBD4DD5E}.Debug|Any CPU.Deploy.0 = Debug|Any CPU
		{71DC05DD-F695-43AC-86EE-6B05FBD4DD5E}.Release|Any CPU.ActiveCfg = Release|Any CPU
		{71DC05DD-F695-43AC-86EE-6B05FBD4DD5E}.Release|Any CPU.Build.0 = Release|Any CPU
		{71DC05DD-F695-43AC-86EE-6B05FBD4DD5E}.Release|Any CPU.Deploy.0 = Release|Any CPU
		{359EDCD3-2C41-417B-B52F-9C0AD2C3EAA5}.Debug|Any CPU.ActiveCfg = Debug|Any CPU
		{359EDCD3-2C41-417B-B52F-9C0AD2C3EAA5}.Debug|Any CPU.Build.0 = Debug|Any CPU
		{359EDCD3-2C41-417B-B52F-9C0AD2C3EAA5}.Release|Any CPU.ActiveCfg = Release|Any CPU
		{359EDCD3-2C41-417B-B52F-9C0AD2C3EAA5}.Release|Any CPU.Build.0 = Release|Any CPU
		{65122E69-5172-419B-9536-6C9FC4556488}.Debug|Any CPU.ActiveCfg = Debug|Any CPU
		{65122E69-5172-419B-9536-6C9FC4556488}.Debug|Any CPU.Build.0 = Debug|Any CPU
		{65122E69-5172-419B-9536-6C9FC4556488}.Release|Any CPU.ActiveCfg = Release|Any CPU
		{65122E69-5172-419B-9536-6C9FC4556488}.Release|Any CPU.Build.0 = Release|Any CPU
		{E0AEB24D-2DBD-4EBF-8966-4B233157B552}.Debug|Any CPU.ActiveCfg = Debug|Any CPU
		{E0AEB24D-2DBD-4EBF-8966-4B233157B552}.Debug|Any CPU.Build.0 = Debug|Any CPU
		{E0AEB24D-2DBD-4EBF-8966-4B233157B552}.Release|Any CPU.ActiveCfg = Release|Any CPU
		{E0AEB24D-2DBD-4EBF-8966-4B233157B552}.Release|Any CPU.Build.0 = Release|Any CPU
	EndGlobalSection
	GlobalSection(SolutionProperties) = preSolution
		HideSolutionNode = FALSE
	EndGlobalSection
	GlobalSection(NestedProjects) = preSolution
		{2B179C6E-1490-4F9F-AD15-955213C5C8C5} = {AA13860A-7DC7-438F-B42D-C2CC006519EE}
		{F9DBCE7A-24F7-44A9-8233-099F68F01151} = {AA13860A-7DC7-438F-B42D-C2CC006519EE}
		{1212364C-EE37-4000-97EB-79528507F3BE} = {AA13860A-7DC7-438F-B42D-C2CC006519EE}
		{B419DDEE-26BF-463A-A768-4DEC3D2A556A} = {AA13860A-7DC7-438F-B42D-C2CC006519EE}
		{241A66D3-E506-41A2-9F4B-4261E67FD979} = {AA13860A-7DC7-438F-B42D-C2CC006519EE}
		{44D7E016-00D1-47D4-B761-DAECCD9F66B8} = {241A66D3-E506-41A2-9F4B-4261E67FD979}
		{99D329CA-5922-4599-A588-CCA08519D392} = {241A66D3-E506-41A2-9F4B-4261E67FD979}
		{9760629A-DB0A-4D02-B5D4-756B078FA0FB} = {99D329CA-5922-4599-A588-CCA08519D392}
		{53F15F8E-6AA9-4950-B612-554801528842} = {44D7E016-00D1-47D4-B761-DAECCD9F66B8}
		{BD3B039F-868D-477A-8A20-B43DDDFB0A0C} = {B419DDEE-26BF-463A-A768-4DEC3D2A556A}
		{3BA52A44-BB27-455F-977D-30B046DB9D04} = {1212364C-EE37-4000-97EB-79528507F3BE}
		{71DC05DD-F695-43AC-86EE-6B05FBD4DD5E} = {6FFCE6DB-1F81-43D4-83E7-E6EDDBDEB204}
		{359EDCD3-2C41-417B-B52F-9C0AD2C3EAA5} = {B419DDEE-26BF-463A-A768-4DEC3D2A556A}
		{65122E69-5172-419B-9536-6C9FC4556488} = {F9DBCE7A-24F7-44A9-8233-099F68F01151}
		{E0AEB24D-2DBD-4EBF-8966-4B233157B552} = {2B179C6E-1490-4F9F-AD15-955213C5C8C5}
	EndGlobalSection
	GlobalSection(ExtensibilityGlobals) = postSolution
		SolutionGuid = {C59BF75D-F8C2-4353-AEFB-B9B551F73889}
	EndGlobalSection
EndGlobal
